
Microsoft Visual Studio Solution File, Format Version 12.00
# Visual Studio Version 17
VisualStudioVersion = 17.10.35027.167
MinimumVisualStudioVersion = 10.0.40219.1
Project("{FAE04EC0-301F-11D3-BF4B-00C04F79EFBC}") = "BaigiamasisDarbas", "BaigiamasisDarbas\BaigiamasisDarbas.csproj", "{6BFB91E3-2386-45EE-B34A-94A12369A654}"
EndProject
Project("{FAE04EC0-301F-11D3-BF4B-00C04F79EFBC}") = "Parduotuve.Core", "Parduotuve.Core\Parduotuve.Core.csproj", "{9AE45418-CC5A-4204-A7BB-2BA0A67C202D}"
EndProject
Global
	GlobalSection(SolutionConfigurationPlatforms) = preSolution
		Debug|Any CPU = Debug|Any CPU
		Release|Any CPU = Release|Any CPU
	EndGlobalSection
	GlobalSection(ProjectConfigurationPlatforms) = postSolution
		{6BFB91E3-2386-45EE-B34A-94A12369A654}.Debug|Any CPU.ActiveCfg = Debug|Any CPU
		{6BFB91E3-2386-45EE-B34A-94A12369A654}.Debug|Any CPU.Build.0 = Debug|Any CPU
		{6BFB91E3-2386-45EE-B34A-94A12369A654}.Release|Any CPU.ActiveCfg = Release|Any CPU
		{6BFB91E3-2386-45EE-B34A-94A12369A654}.Release|Any CPU.Build.0 = Release|Any CPU
		{9AE45418-CC5A-4204-A7BB-2BA0A67C202D}.Debug|Any CPU.ActiveCfg = Debug|Any CPU
		{9AE45418-CC5A-4204-A7BB-2BA0A67C202D}.Debug|Any CPU.Build.0 = Debug|Any CPU
		{9AE45418-CC5A-4204-A7BB-2BA0A67C202D}.Release|Any CPU.ActiveCfg = Release|Any CPU
		{9AE45418-CC5A-4204-A7BB-2BA0A67C202D}.Release|Any CPU.Build.0 = Release|Any CPU
	EndGlobalSection
	GlobalSection(SolutionProperties) = preSolution
		HideSolutionNode = FALSE
	EndGlobalSection
	GlobalSection(ExtensibilityGlobals) = postSolution
		SolutionGuid = {81008CD1-4781-4CE8-8A48-F9A70605F60C}
	EndGlobalSection
EndGlobal
